
Microsoft Visual Studio Solution File, Format Version 12.00
# Visual Studio Version 17
VisualStudioVersion = 17.4.33213.308
MinimumVisualStudioVersion = 10.0.40219.1
Project("{FAE04EC0-301F-11D3-BF4B-00C04F79EFBC}") = "ModernUI", "ModernUI\ModernUI.csproj", "{571C598A-8D65-42EA-A75A-DEE3222C55E0}"
EndProject
Global
	GlobalSection(SolutionConfigurationPlatforms) = preSolution
		Debug|Any CPU = Debug|Any CPU
		Release|Any CPU = Release|Any CPU
	EndGlobalSection
	GlobalSection(ProjectConfigurationPlatforms) = postSolution
		{571C598A-8D65-42EA-A75A-DEE3222C55E0}.Debug|Any CPU.ActiveCfg = Debug|Any CPU
		{571C598A-8D65-42EA-A75A-DEE3222C55E0}.Debug|Any CPU.Build.0 = Debug|Any CPU
		{571C598A-8D65-42EA-A75A-DEE3222C55E0}.Release|Any CPU.ActiveCfg = Release|Any CPU
		{571C598A-8D65-42EA-A75A-DEE3222C55E0}.Release|Any CPU.Build.0 = Release|Any CPU
	EndGlobalSection
	GlobalSection(SolutionProperties) = preSolution
		HideSolutionNode = FALSE
	EndGlobalSection
	GlobalSection(ExtensibilityGlobals) = postSolution
		SolutionGuid = {61DC873D-6FF2-488B-8341-BA2ED7C0926F}
	EndGlobalSection
EndGlobal
